// !$*UTF8*$!
{
	archiveVersion = 1;
	classes = {
	};
	objectVersion = 56;
	objects = {

/* Begin PBXBuildFile section */
		0914DF2229BE919A00E10E50 /* Skeletonable.swift in Sources */ = {isa = PBXBuildFile; fileRef = 0914DF2129BE919A00E10E50 /* Skeletonable.swift */; };
		0914DF2429BE922700E10E50 /* CardSearchConformants.swift in Sources */ = {isa = PBXBuildFile; fileRef = 0914DF2329BE922700E10E50 /* CardSearchConformants.swift */; };
		0914DF2629BE947A00E10E50 /* CardSearchInteractor.swift in Sources */ = {isa = PBXBuildFile; fileRef = 0914DF2529BE947A00E10E50 /* CardSearchInteractor.swift */; };
		0914DF2829BE948900E10E50 /* CardSearchRouter.swift in Sources */ = {isa = PBXBuildFile; fileRef = 0914DF2729BE948900E10E50 /* CardSearchRouter.swift */; };
		0914DF2A29BE949600E10E50 /* CardSearchPresenter.swift in Sources */ = {isa = PBXBuildFile; fileRef = 0914DF2929BE949600E10E50 /* CardSearchPresenter.swift */; };
		0918A75C29BFE76C005F8796 /* CardBackCell.swift in Sources */ = {isa = PBXBuildFile; fileRef = 0918A75B29BFE76C005F8796 /* CardBackCell.swift */; };
		094CBDA729BBF01B0076EE00 /* CardBackView.swift in Sources */ = {isa = PBXBuildFile; fileRef = 094CBDA629BBF01B0076EE00 /* CardBackView.swift */; };
		094CBDAA29BBF2DA0076EE00 /* TabBarConformant.swift in Sources */ = {isa = PBXBuildFile; fileRef = 094CBDA929BBF2DA0076EE00 /* TabBarConformant.swift */; };
		09513C0829BAA0F6004243BD /* AppDelegate.swift in Sources */ = {isa = PBXBuildFile; fileRef = 09513C0729BAA0F6004243BD /* AppDelegate.swift */; };
		09513C0A29BAA0F6004243BD /* SceneDelegate.swift in Sources */ = {isa = PBXBuildFile; fileRef = 09513C0929BAA0F6004243BD /* SceneDelegate.swift */; };
		09513C0C29BAA0F6004243BD /* CardSearchView.swift in Sources */ = {isa = PBXBuildFile; fileRef = 09513C0B29BAA0F6004243BD /* CardSearchView.swift */; };
		09513C0F29BAA0F6004243BD /* Main.storyboard in Resources */ = {isa = PBXBuildFile; fileRef = 09513C0D29BAA0F6004243BD /* Main.storyboard */; };
		09513C1129BAA0F7004243BD /* Assets.xcassets in Resources */ = {isa = PBXBuildFile; fileRef = 09513C1029BAA0F7004243BD /* Assets.xcassets */; };
		09513C1429BAA0F7004243BD /* LaunchScreen.storyboard in Resources */ = {isa = PBXBuildFile; fileRef = 09513C1229BAA0F7004243BD /* LaunchScreen.storyboard */; };
		095DD2B929CA6FFA0023A3CD /* CardBack.swift in Sources */ = {isa = PBXBuildFile; fileRef = 095DD2B829CA6FFA0023A3CD /* CardBack.swift */; };
		095DD2BB29CA71E10023A3CD /* Cards.swift in Sources */ = {isa = PBXBuildFile; fileRef = 095DD2BA29CA71E10023A3CD /* Cards.swift */; };
		095DD2BD29CA749A0023A3CD /* SimpleCardCell.swift in Sources */ = {isa = PBXBuildFile; fileRef = 095DD2BC29CA749A0023A3CD /* SimpleCardCell.swift */; };
		096C2EA629BAA5C9006865CF /* TabBar.swift in Sources */ = {isa = PBXBuildFile; fileRef = 096C2EA529BAA5C9006865CF /* TabBar.swift */; };
		096C2EA929BAA95D006865CF /* APIKeys.swift in Sources */ = {isa = PBXBuildFile; fileRef = 096C2EA829BAA95D006865CF /* APIKeys.swift */; };
		0972407C29D2620E00D10223 /* String.swift in Sources */ = {isa = PBXBuildFile; fileRef = 0972407B29D2620E00D10223 /* String.swift */; };
		0972407E29D265FA00D10223 /* CardSearchView + Constraints.swift in Sources */ = {isa = PBXBuildFile; fileRef = 0972407D29D265FA00D10223 /* CardSearchView + Constraints.swift */; };
		0972408029D2690300D10223 /* APIErrors.swift in Sources */ = {isa = PBXBuildFile; fileRef = 0972407F29D2690300D10223 /* APIErrors.swift */; };
		0985072329D3B70900063E55 /* CardBackConformants.swift in Sources */ = {isa = PBXBuildFile; fileRef = 0985072229D3B70900063E55 /* CardBackConformants.swift */; };
		0985072529D3B89200063E55 /* CardBackInteractor.swift in Sources */ = {isa = PBXBuildFile; fileRef = 0985072429D3B89200063E55 /* CardBackInteractor.swift */; };
		0985072729D3B89A00063E55 /* CardBackRouter.swift in Sources */ = {isa = PBXBuildFile; fileRef = 0985072629D3B89A00063E55 /* CardBackRouter.swift */; };
		0985072929D3B8A700063E55 /* CardBackPresenter.swift in Sources */ = {isa = PBXBuildFile; fileRef = 0985072829D3B8A700063E55 /* CardBackPresenter.swift */; };
		0992891229D10D55004E5A3B /* CardSearchView + DatasourceDelegate.swift in Sources */ = {isa = PBXBuildFile; fileRef = 0992891129D10D55004E5A3B /* CardSearchView + DatasourceDelegate.swift */; };
		0992891429D10D73004E5A3B /* CardSearchView + SearchBarDelegate.swift in Sources */ = {isa = PBXBuildFile; fileRef = 0992891329D10D73004E5A3B /* CardSearchView + SearchBarDelegate.swift */; };
		09A95C4829C1379E0019C1FC /* AlamoFireService.swift in Sources */ = {isa = PBXBuildFile; fileRef = 09A95C4729C1379E0019C1FC /* AlamoFireService.swift */; };
		09A95C4A29C137B70019C1FC /* NativeService.swift in Sources */ = {isa = PBXBuildFile; fileRef = 09A95C4929C137B70019C1FC /* NativeService.swift */; };
		09A95C4C29C140B80019C1FC /* DataProviderService.swift in Sources */ = {isa = PBXBuildFile; fileRef = 09A95C4B29C140B80019C1FC /* DataProviderService.swift */; };
		09A95C4F29C140DF0019C1FC /* Info.swift in Sources */ = {isa = PBXBuildFile; fileRef = 09A95C4E29C140DF0019C1FC /* Info.swift */; };
		4B666CA3EDA285D103D53C20 /* Pods_HearthStoneAPI.framework in Frameworks */ = {isa = PBXBuildFile; fileRef = 02C83017823898075BEFE139 /* Pods_HearthStoneAPI.framework */; };
/* End PBXBuildFile section */

/* Begin PBXFileReference section */
		02C83017823898075BEFE139 /* Pods_HearthStoneAPI.framework */ = {isa = PBXFileReference; explicitFileType = wrapper.framework; includeInIndex = 0; path = Pods_HearthStoneAPI.framework; sourceTree = BUILT_PRODUCTS_DIR; };
		0914DF2129BE919A00E10E50 /* Skeletonable.swift */ = {isa = PBXFileReference; lastKnownFileType = sourcecode.swift; path = Skeletonable.swift; sourceTree = "<group>"; };
		0914DF2329BE922700E10E50 /* CardSearchConformants.swift */ = {isa = PBXFileReference; lastKnownFileType = sourcecode.swift; path = CardSearchConformants.swift; sourceTree = "<group>"; };
		0914DF2529BE947A00E10E50 /* CardSearchInteractor.swift */ = {isa = PBXFileReference; lastKnownFileType = sourcecode.swift; path = CardSearchInteractor.swift; sourceTree = "<group>"; };
		0914DF2729BE948900E10E50 /* CardSearchRouter.swift */ = {isa = PBXFileReference; lastKnownFileType = sourcecode.swift; path = CardSearchRouter.swift; sourceTree = "<group>"; };
		0914DF2929BE949600E10E50 /* CardSearchPresenter.swift */ = {isa = PBXFileReference; lastKnownFileType = sourcecode.swift; path = CardSearchPresenter.swift; sourceTree = "<group>"; };
		0918A75B29BFE76C005F8796 /* CardBackCell.swift */ = {isa = PBXFileReference; lastKnownFileType = sourcecode.swift; path = CardBackCell.swift; sourceTree = "<group>"; };
		094CBDA629BBF01B0076EE00 /* CardBackView.swift */ = {isa = PBXFileReference; lastKnownFileType = sourcecode.swift; path = CardBackView.swift; sourceTree = "<group>"; };
		094CBDA929BBF2DA0076EE00 /* TabBarConformant.swift */ = {isa = PBXFileReference; lastKnownFileType = sourcecode.swift; path = TabBarConformant.swift; sourceTree = "<group>"; };
		09513C0429BAA0F6004243BD /* HearthStoneAPI.app */ = {isa = PBXFileReference; explicitFileType = wrapper.application; includeInIndex = 0; path = HearthStoneAPI.app; sourceTree = BUILT_PRODUCTS_DIR; };
		09513C0729BAA0F6004243BD /* AppDelegate.swift */ = {isa = PBXFileReference; lastKnownFileType = sourcecode.swift; path = AppDelegate.swift; sourceTree = "<group>"; };
		09513C0929BAA0F6004243BD /* SceneDelegate.swift */ = {isa = PBXFileReference; lastKnownFileType = sourcecode.swift; path = SceneDelegate.swift; sourceTree = "<group>"; };
		09513C0B29BAA0F6004243BD /* CardSearchView.swift */ = {isa = PBXFileReference; lastKnownFileType = sourcecode.swift; path = CardSearchView.swift; sourceTree = "<group>"; };
		09513C0E29BAA0F6004243BD /* Base */ = {isa = PBXFileReference; lastKnownFileType = file.storyboard; name = Base; path = Base.lproj/Main.storyboard; sourceTree = "<group>"; };
		09513C1029BAA0F7004243BD /* Assets.xcassets */ = {isa = PBXFileReference; lastKnownFileType = folder.assetcatalog; path = Assets.xcassets; sourceTree = "<group>"; };
		09513C1329BAA0F7004243BD /* Base */ = {isa = PBXFileReference; lastKnownFileType = file.storyboard; name = Base; path = Base.lproj/LaunchScreen.storyboard; sourceTree = "<group>"; };
		09513C1529BAA0F7004243BD /* Info.plist */ = {isa = PBXFileReference; lastKnownFileType = text.plist.xml; path = Info.plist; sourceTree = "<group>"; };
		095DD2B829CA6FFA0023A3CD /* CardBack.swift */ = {isa = PBXFileReference; lastKnownFileType = sourcecode.swift; path = CardBack.swift; sourceTree = "<group>"; };
		095DD2BA29CA71E10023A3CD /* Cards.swift */ = {isa = PBXFileReference; lastKnownFileType = sourcecode.swift; path = Cards.swift; sourceTree = "<group>"; };
		095DD2BC29CA749A0023A3CD /* SimpleCardCell.swift */ = {isa = PBXFileReference; lastKnownFileType = sourcecode.swift; path = SimpleCardCell.swift; sourceTree = "<group>"; };
		096C2EA529BAA5C9006865CF /* TabBar.swift */ = {isa = PBXFileReference; lastKnownFileType = sourcecode.swift; path = TabBar.swift; sourceTree = "<group>"; };
		096C2EA829BAA95D006865CF /* APIKeys.swift */ = {isa = PBXFileReference; lastKnownFileType = sourcecode.swift; path = APIKeys.swift; sourceTree = "<group>"; };
		0972407B29D2620E00D10223 /* String.swift */ = {isa = PBXFileReference; lastKnownFileType = sourcecode.swift; path = String.swift; sourceTree = "<group>"; };
		0972407D29D265FA00D10223 /* CardSearchView + Constraints.swift */ = {isa = PBXFileReference; lastKnownFileType = sourcecode.swift; path = "CardSearchView + Constraints.swift"; sourceTree = "<group>"; };
		0972407F29D2690300D10223 /* APIErrors.swift */ = {isa = PBXFileReference; lastKnownFileType = sourcecode.swift; path = APIErrors.swift; sourceTree = "<group>"; };
		0985072229D3B70900063E55 /* CardBackConformants.swift */ = {isa = PBXFileReference; lastKnownFileType = sourcecode.swift; path = CardBackConformants.swift; sourceTree = "<group>"; };
		0985072429D3B89200063E55 /* CardBackInteractor.swift */ = {isa = PBXFileReference; lastKnownFileType = sourcecode.swift; path = CardBackInteractor.swift; sourceTree = "<group>"; };
		0985072629D3B89A00063E55 /* CardBackRouter.swift */ = {isa = PBXFileReference; lastKnownFileType = sourcecode.swift; path = CardBackRouter.swift; sourceTree = "<group>"; };
		0985072829D3B8A700063E55 /* CardBackPresenter.swift */ = {isa = PBXFileReference; lastKnownFileType = sourcecode.swift; path = CardBackPresenter.swift; sourceTree = "<group>"; };
		0992891129D10D55004E5A3B /* CardSearchView + DatasourceDelegate.swift */ = {isa = PBXFileReference; lastKnownFileType = sourcecode.swift; path = "CardSearchView + DatasourceDelegate.swift"; sourceTree = "<group>"; };
		0992891329D10D73004E5A3B /* CardSearchView + SearchBarDelegate.swift */ = {isa = PBXFileReference; lastKnownFileType = sourcecode.swift; path = "CardSearchView + SearchBarDelegate.swift"; sourceTree = "<group>"; };
		09A95C4729C1379E0019C1FC /* AlamoFireService.swift */ = {isa = PBXFileReference; lastKnownFileType = sourcecode.swift; path = AlamoFireService.swift; sourceTree = "<group>"; };
		09A95C4929C137B70019C1FC /* NativeService.swift */ = {isa = PBXFileReference; lastKnownFileType = sourcecode.swift; path = NativeService.swift; sourceTree = "<group>"; };
		09A95C4B29C140B80019C1FC /* DataProviderService.swift */ = {isa = PBXFileReference; lastKnownFileType = sourcecode.swift; path = DataProviderService.swift; sourceTree = "<group>"; };
		09A95C4E29C140DF0019C1FC /* Info.swift */ = {isa = PBXFileReference; lastKnownFileType = sourcecode.swift; path = Info.swift; sourceTree = "<group>"; };
		501BCD7A259C0145945EC0AA /* Pods-HearthStoneAPI.debug.xcconfig */ = {isa = PBXFileReference; includeInIndex = 1; lastKnownFileType = text.xcconfig; name = "Pods-HearthStoneAPI.debug.xcconfig"; path = "Target Support Files/Pods-HearthStoneAPI/Pods-HearthStoneAPI.debug.xcconfig"; sourceTree = "<group>"; };
		BB7149271998CEF2D5A50279 /* Pods-HearthStoneAPI.release.xcconfig */ = {isa = PBXFileReference; includeInIndex = 1; lastKnownFileType = text.xcconfig; name = "Pods-HearthStoneAPI.release.xcconfig"; path = "Target Support Files/Pods-HearthStoneAPI/Pods-HearthStoneAPI.release.xcconfig"; sourceTree = "<group>"; };
/* End PBXFileReference section */

/* Begin PBXFrameworksBuildPhase section */
		09513C0129BAA0F6004243BD /* Frameworks */ = {
			isa = PBXFrameworksBuildPhase;
			buildActionMask = 2147483647;
			files = (
				4B666CA3EDA285D103D53C20 /* Pods_HearthStoneAPI.framework in Frameworks */,
			);
			runOnlyForDeploymentPostprocessing = 0;
		};
/* End PBXFrameworksBuildPhase section */

/* Begin PBXGroup section */
		0086AEEF6F695B2ACDBCC28C /* Pods */ = {
			isa = PBXGroup;
			children = (
				501BCD7A259C0145945EC0AA /* Pods-HearthStoneAPI.debug.xcconfig */,
				BB7149271998CEF2D5A50279 /* Pods-HearthStoneAPI.release.xcconfig */,
			);
			path = Pods;
			sourceTree = "<group>";
		};
		094CBDA429BBEEEE0076EE00 /* Card Search */ = {
			isa = PBXGroup;
			children = (
				09513C0B29BAA0F6004243BD /* CardSearchView.swift */,
				0914DF2329BE922700E10E50 /* CardSearchConformants.swift */,
				0914DF2529BE947A00E10E50 /* CardSearchInteractor.swift */,
				0914DF2729BE948900E10E50 /* CardSearchRouter.swift */,
				0914DF2929BE949600E10E50 /* CardSearchPresenter.swift */,
				0992891129D10D55004E5A3B /* CardSearchView + DatasourceDelegate.swift */,
				0992891329D10D73004E5A3B /* CardSearchView + SearchBarDelegate.swift */,
				0972407D29D265FA00D10223 /* CardSearchView + Constraints.swift */,
			);
			path = "Card Search";
			sourceTree = "<group>";
		};
		094CBDA529BBEEFA0076EE00 /* Card Back Search */ = {
			isa = PBXGroup;
			children = (
				094CBDA629BBF01B0076EE00 /* CardBackView.swift */,
				0985072229D3B70900063E55 /* CardBackConformants.swift */,
				0985072429D3B89200063E55 /* CardBackInteractor.swift */,
				0985072629D3B89A00063E55 /* CardBackRouter.swift */,
				0985072829D3B8A700063E55 /* CardBackPresenter.swift */,
			);
			path = "Card Back Search";
			sourceTree = "<group>";
		};
		094CBDA829BBF2CA0076EE00 /* Protocols */ = {
			isa = PBXGroup;
			children = (
				094CBDA929BBF2DA0076EE00 /* TabBarConformant.swift */,
				0914DF2129BE919A00E10E50 /* Skeletonable.swift */,
				09A95C4B29C140B80019C1FC /* DataProviderService.swift */,
			);
			path = Protocols;
			sourceTree = "<group>";
		};
		094CBDAB29BBF2F40076EE00 /* Components */ = {
			isa = PBXGroup;
			children = (
				0918A75B29BFE76C005F8796 /* CardBackCell.swift */,
				095DD2BC29CA749A0023A3CD /* SimpleCardCell.swift */,
			);
			path = Components;
			sourceTree = "<group>";
		};
		09513BFB29BAA0F6004243BD = {
			isa = PBXGroup;
			children = (
				09513C0629BAA0F6004243BD /* HearthStoneAPI */,
				09513C0529BAA0F6004243BD /* Products */,
				0086AEEF6F695B2ACDBCC28C /* Pods */,
				3693F37BD7D594A674446DCC /* Frameworks */,
			);
			sourceTree = "<group>";
		};
		09513C0529BAA0F6004243BD /* Products */ = {
			isa = PBXGroup;
			children = (
				09513C0429BAA0F6004243BD /* HearthStoneAPI.app */,
			);
			name = Products;
			sourceTree = "<group>";
		};
		09513C0629BAA0F6004243BD /* HearthStoneAPI */ = {
			isa = PBXGroup;
			children = (
				0972407A29D2620000D10223 /* Extensions */,
				09A95C4D29C140D20019C1FC /* Models */,
				094CBDAB29BBF2F40076EE00 /* Components */,
				094CBDA829BBF2CA0076EE00 /* Protocols */,
				094CBDA529BBEEFA0076EE00 /* Card Back Search */,
				094CBDA429BBEEEE0076EE00 /* Card Search */,
				096C2EA729BAA94D006865CF /* API */,
				096C2EA429BAA5BB006865CF /* TabBar */,
				09513C0729BAA0F6004243BD /* AppDelegate.swift */,
				09513C0929BAA0F6004243BD /* SceneDelegate.swift */,
				09513C0D29BAA0F6004243BD /* Main.storyboard */,
				09513C1029BAA0F7004243BD /* Assets.xcassets */,
				09513C1229BAA0F7004243BD /* LaunchScreen.storyboard */,
				09513C1529BAA0F7004243BD /* Info.plist */,
			);
			path = HearthStoneAPI;
			sourceTree = "<group>";
		};
		096C2EA429BAA5BB006865CF /* TabBar */ = {
			isa = PBXGroup;
			children = (
				096C2EA529BAA5C9006865CF /* TabBar.swift */,
			);
			path = TabBar;
			sourceTree = "<group>";
		};
		096C2EA729BAA94D006865CF /* API */ = {
			isa = PBXGroup;
			children = (
				09A95C4929C137B70019C1FC /* NativeService.swift */,
				09A95C4729C1379E0019C1FC /* AlamoFireService.swift */,
				096C2EA829BAA95D006865CF /* APIKeys.swift */,
				0972407F29D2690300D10223 /* APIErrors.swift */,
			);
			path = API;
			sourceTree = "<group>";
		};
		0972407A29D2620000D10223 /* Extensions */ = {
			isa = PBXGroup;
			children = (
				0972407B29D2620E00D10223 /* String.swift */,
			);
			path = Extensions;
			sourceTree = "<group>";
		};
		09A95C4D29C140D20019C1FC /* Models */ = {
			isa = PBXGroup;
			children = (
				09A95C4E29C140DF0019C1FC /* Info.swift */,
				095DD2B829CA6FFA0023A3CD /* CardBack.swift */,
				095DD2BA29CA71E10023A3CD /* Cards.swift */,
			);
			path = Models;
			sourceTree = "<group>";
		};
		3693F37BD7D594A674446DCC /* Frameworks */ = {
			isa = PBXGroup;
			children = (
				02C83017823898075BEFE139 /* Pods_HearthStoneAPI.framework */,
			);
			name = Frameworks;
			sourceTree = "<group>";
		};
/* End PBXGroup section */

/* Begin PBXNativeTarget section */
		09513C0329BAA0F6004243BD /* HearthStoneAPI */ = {
			isa = PBXNativeTarget;
			buildConfigurationList = 09513C1829BAA0F7004243BD /* Build configuration list for PBXNativeTarget "HearthStoneAPI" */;
			buildPhases = (
				6F4CE51AA4274CDBF686A042 /* [CP] Check Pods Manifest.lock */,
				09513C0029BAA0F6004243BD /* Sources */,
				09513C0129BAA0F6004243BD /* Frameworks */,
				09513C0229BAA0F6004243BD /* Resources */,
				835EADB317F963709F0F76C3 /* [CP] Embed Pods Frameworks */,
			);
			buildRules = (
			);
			dependencies = (
			);
			name = HearthStoneAPI;
			productName = HearthStoneAPI;
			productReference = 09513C0429BAA0F6004243BD /* HearthStoneAPI.app */;
			productType = "com.apple.product-type.application";
		};
/* End PBXNativeTarget section */

/* Begin PBXProject section */
		09513BFC29BAA0F6004243BD /* Project object */ = {
			isa = PBXProject;
			attributes = {
				BuildIndependentTargetsInParallel = 1;
				LastSwiftUpdateCheck = 1420;
				LastUpgradeCheck = 1420;
				TargetAttributes = {
					09513C0329BAA0F6004243BD = {
						CreatedOnToolsVersion = 14.2;
					};
				};
			};
			buildConfigurationList = 09513BFF29BAA0F6004243BD /* Build configuration list for PBXProject "HearthStoneAPI" */;
			compatibilityVersion = "Xcode 14.0";
			developmentRegion = en;
			hasScannedForEncodings = 0;
			knownRegions = (
				en,
				Base,
			);
			mainGroup = 09513BFB29BAA0F6004243BD;
			productRefGroup = 09513C0529BAA0F6004243BD /* Products */;
			projectDirPath = "";
			projectRoot = "";
			targets = (
				09513C0329BAA0F6004243BD /* HearthStoneAPI */,
			);
		};
/* End PBXProject section */

/* Begin PBXResourcesBuildPhase section */
		09513C0229BAA0F6004243BD /* Resources */ = {
			isa = PBXResourcesBuildPhase;
			buildActionMask = 2147483647;
			files = (
				09513C1429BAA0F7004243BD /* LaunchScreen.storyboard in Resources */,
				09513C1129BAA0F7004243BD /* Assets.xcassets in Resources */,
				09513C0F29BAA0F6004243BD /* Main.storyboard in Resources */,
			);
			runOnlyForDeploymentPostprocessing = 0;
		};
/* End PBXResourcesBuildPhase section */

/* Begin PBXShellScriptBuildPhase section */
		6F4CE51AA4274CDBF686A042 /* [CP] Check Pods Manifest.lock */ = {
			isa = PBXShellScriptBuildPhase;
			buildActionMask = 2147483647;
			files = (
			);
			inputFileListPaths = (
			);
			inputPaths = (
				"${PODS_PODFILE_DIR_PATH}/Podfile.lock",
				"${PODS_ROOT}/Manifest.lock",
			);
			name = "[CP] Check Pods Manifest.lock";
			outputFileListPaths = (
			);
			outputPaths = (
				"$(DERIVED_FILE_DIR)/Pods-HearthStoneAPI-checkManifestLockResult.txt",
			);
			runOnlyForDeploymentPostprocessing = 0;
			shellPath = /bin/sh;
			shellScript = "diff \"${PODS_PODFILE_DIR_PATH}/Podfile.lock\" \"${PODS_ROOT}/Manifest.lock\" > /dev/null\nif [ $? != 0 ] ; then\n    # print error to STDERR\n    echo \"error: The sandbox is not in sync with the Podfile.lock. Run 'pod install' or update your CocoaPods installation.\" >&2\n    exit 1\nfi\n# This output is used by Xcode 'outputs' to avoid re-running this script phase.\necho \"SUCCESS\" > \"${SCRIPT_OUTPUT_FILE_0}\"\n";
			showEnvVarsInLog = 0;
		};
		835EADB317F963709F0F76C3 /* [CP] Embed Pods Frameworks */ = {
			isa = PBXShellScriptBuildPhase;
			buildActionMask = 2147483647;
			files = (
			);
			inputFileListPaths = (
				"${PODS_ROOT}/Target Support Files/Pods-HearthStoneAPI/Pods-HearthStoneAPI-frameworks-${CONFIGURATION}-input-files.xcfilelist",
			);
			name = "[CP] Embed Pods Frameworks";
			outputFileListPaths = (
				"${PODS_ROOT}/Target Support Files/Pods-HearthStoneAPI/Pods-HearthStoneAPI-frameworks-${CONFIGURATION}-output-files.xcfilelist",
			);
			runOnlyForDeploymentPostprocessing = 0;
			shellPath = /bin/sh;
			shellScript = "\"${PODS_ROOT}/Target Support Files/Pods-HearthStoneAPI/Pods-HearthStoneAPI-frameworks.sh\"\n";
			showEnvVarsInLog = 0;
		};
/* End PBXShellScriptBuildPhase section */

/* Begin PBXSourcesBuildPhase section */
		09513C0029BAA0F6004243BD /* Sources */ = {
			isa = PBXSourcesBuildPhase;
			buildActionMask = 2147483647;
			files = (
				09513C0C29BAA0F6004243BD /* CardSearchView.swift in Sources */,
				09A95C4C29C140B80019C1FC /* DataProviderService.swift in Sources */,
				0972407C29D2620E00D10223 /* String.swift in Sources */,
				09A95C4F29C140DF0019C1FC /* Info.swift in Sources */,
				0914DF2829BE948900E10E50 /* CardSearchRouter.swift in Sources */,
				0914DF2429BE922700E10E50 /* CardSearchConformants.swift in Sources */,
				0914DF2A29BE949600E10E50 /* CardSearchPresenter.swift in Sources */,
				0985072329D3B70900063E55 /* CardBackConformants.swift in Sources */,
				095DD2B929CA6FFA0023A3CD /* CardBack.swift in Sources */,
				096C2EA929BAA95D006865CF /* APIKeys.swift in Sources */,
				09A95C4A29C137B70019C1FC /* NativeService.swift in Sources */,
				0972408029D2690300D10223 /* APIErrors.swift in Sources */,
				0914DF2629BE947A00E10E50 /* CardSearchInteractor.swift in Sources */,
				09A95C4829C1379E0019C1FC /* AlamoFireService.swift in Sources */,
				09513C0829BAA0F6004243BD /* AppDelegate.swift in Sources */,
				0985072729D3B89A00063E55 /* CardBackRouter.swift in Sources */,
				09513C0A29BAA0F6004243BD /* SceneDelegate.swift in Sources */,
				0918A75C29BFE76C005F8796 /* CardBackCell.swift in Sources */,
				0972407E29D265FA00D10223 /* CardSearchView + Constraints.swift in Sources */,
				0992891229D10D55004E5A3B /* CardSearchView + DatasourceDelegate.swift in Sources */,
				0985072929D3B8A700063E55 /* CardBackPresenter.swift in Sources */,
				0992891429D10D73004E5A3B /* CardSearchView + SearchBarDelegate.swift in Sources */,
				095DD2BB29CA71E10023A3CD /* Cards.swift in Sources */,
				095DD2BD29CA749A0023A3CD /* SimpleCardCell.swift in Sources */,
				096C2EA629BAA5C9006865CF /* TabBar.swift in Sources */,
				094CBDAA29BBF2DA0076EE00 /* TabBarConformant.swift in Sources */,
				0914DF2229BE919A00E10E50 /* Skeletonable.swift in Sources */,
				094CBDA729BBF01B0076EE00 /* CardBackView.swift in Sources */,
				0985072529D3B89200063E55 /* CardBackInteractor.swift in Sources */,
			);
			runOnlyForDeploymentPostprocessing = 0;
		};
/* End PBXSourcesBuildPhase section */

/* Begin PBXVariantGroup section */
		09513C0D29BAA0F6004243BD /* Main.storyboard */ = {
			isa = PBXVariantGroup;
			children = (
				09513C0E29BAA0F6004243BD /* Base */,
			);
			name = Main.storyboard;
			sourceTree = "<group>";
		};
		09513C1229BAA0F7004243BD /* LaunchScreen.storyboard */ = {
			isa = PBXVariantGroup;
			children = (
				09513C1329BAA0F7004243BD /* Base */,
			);
			name = LaunchScreen.storyboard;
			sourceTree = "<group>";
		};
/* End PBXVariantGroup section */

/* Begin XCBuildConfiguration section */
		09513C1629BAA0F7004243BD /* Debug */ = {
			isa = XCBuildConfiguration;
			buildSettings = {
				ALWAYS_SEARCH_USER_PATHS = NO;
				CLANG_ANALYZER_NONNULL = YES;
				CLANG_ANALYZER_NUMBER_OBJECT_CONVERSION = YES_AGGRESSIVE;
				CLANG_CXX_LANGUAGE_STANDARD = "gnu++20";
				CLANG_ENABLE_MODULES = YES;
				CLANG_ENABLE_OBJC_ARC = YES;
				CLANG_ENABLE_OBJC_WEAK = YES;
				CLANG_WARN_BLOCK_CAPTURE_AUTORELEASING = YES;
				CLANG_WARN_BOOL_CONVERSION = YES;
				CLANG_WARN_COMMA = YES;
				CLANG_WARN_CONSTANT_CONVERSION = YES;
				CLANG_WARN_DEPRECATED_OBJC_IMPLEMENTATIONS = YES;
				CLANG_WARN_DIRECT_OBJC_ISA_USAGE = YES_ERROR;
				CLANG_WARN_DOCUMENTATION_COMMENTS = YES;
				CLANG_WARN_EMPTY_BODY = YES;
				CLANG_WARN_ENUM_CONVERSION = YES;
				CLANG_WARN_INFINITE_RECURSION = YES;
				CLANG_WARN_INT_CONVERSION = YES;
				CLANG_WARN_NON_LITERAL_NULL_CONVERSION = YES;
				CLANG_WARN_OBJC_IMPLICIT_RETAIN_SELF = YES;
				CLANG_WARN_OBJC_LITERAL_CONVERSION = YES;
				CLANG_WARN_OBJC_ROOT_CLASS = YES_ERROR;
				CLANG_WARN_QUOTED_INCLUDE_IN_FRAMEWORK_HEADER = YES;
				CLANG_WARN_RANGE_LOOP_ANALYSIS = YES;
				CLANG_WARN_STRICT_PROTOTYPES = YES;
				CLANG_WARN_SUSPICIOUS_MOVE = YES;
				CLANG_WARN_UNGUARDED_AVAILABILITY = YES_AGGRESSIVE;
				CLANG_WARN_UNREACHABLE_CODE = YES;
				CLANG_WARN__DUPLICATE_METHOD_MATCH = YES;
				COPY_PHASE_STRIP = NO;
				DEBUG_INFORMATION_FORMAT = dwarf;
				ENABLE_STRICT_OBJC_MSGSEND = YES;
				ENABLE_TESTABILITY = YES;
				GCC_C_LANGUAGE_STANDARD = gnu11;
				GCC_DYNAMIC_NO_PIC = NO;
				GCC_NO_COMMON_BLOCKS = YES;
				GCC_OPTIMIZATION_LEVEL = 0;
				GCC_PREPROCESSOR_DEFINITIONS = (
					"DEBUG=1",
					"$(inherited)",
				);
				GCC_WARN_64_TO_32_BIT_CONVERSION = YES;
				GCC_WARN_ABOUT_RETURN_TYPE = YES_ERROR;
				GCC_WARN_UNDECLARED_SELECTOR = YES;
				GCC_WARN_UNINITIALIZED_AUTOS = YES_AGGRESSIVE;
				GCC_WARN_UNUSED_FUNCTION = YES;
				GCC_WARN_UNUSED_VARIABLE = YES;
				IPHONEOS_DEPLOYMENT_TARGET = 16.2;
				MTL_ENABLE_DEBUG_INFO = INCLUDE_SOURCE;
				MTL_FAST_MATH = YES;
				ONLY_ACTIVE_ARCH = YES;
				SDKROOT = iphoneos;
				SWIFT_ACTIVE_COMPILATION_CONDITIONS = DEBUG;
				SWIFT_OPTIMIZATION_LEVEL = "-Onone";
			};
			name = Debug;
		};
		09513C1729BAA0F7004243BD /* Release */ = {
			isa = XCBuildConfiguration;
			buildSettings = {
				ALWAYS_SEARCH_USER_PATHS = NO;
				CLANG_ANALYZER_NONNULL = YES;
				CLANG_ANALYZER_NUMBER_OBJECT_CONVERSION = YES_AGGRESSIVE;
				CLANG_CXX_LANGUAGE_STANDARD = "gnu++20";
				CLANG_ENABLE_MODULES = YES;
				CLANG_ENABLE_OBJC_ARC = YES;
				CLANG_ENABLE_OBJC_WEAK = YES;
				CLANG_WARN_BLOCK_CAPTURE_AUTORELEASING = YES;
				CLANG_WARN_BOOL_CONVERSION = YES;
				CLANG_WARN_COMMA = YES;
				CLANG_WARN_CONSTANT_CONVERSION = YES;
				CLANG_WARN_DEPRECATED_OBJC_IMPLEMENTATIONS = YES;
				CLANG_WARN_DIRECT_OBJC_ISA_USAGE = YES_ERROR;
				CLANG_WARN_DOCUMENTATION_COMMENTS = YES;
				CLANG_WARN_EMPTY_BODY = YES;
				CLANG_WARN_ENUM_CONVERSION = YES;
				CLANG_WARN_INFINITE_RECURSION = YES;
				CLANG_WARN_INT_CONVERSION = YES;
				CLANG_WARN_NON_LITERAL_NULL_CONVERSION = YES;
				CLANG_WARN_OBJC_IMPLICIT_RETAIN_SELF = YES;
				CLANG_WARN_OBJC_LITERAL_CONVERSION = YES;
				CLANG_WARN_OBJC_ROOT_CLASS = YES_ERROR;
				CLANG_WARN_QUOTED_INCLUDE_IN_FRAMEWORK_HEADER = YES;
				CLANG_WARN_RANGE_LOOP_ANALYSIS = YES;
				CLANG_WARN_STRICT_PROTOTYPES = YES;
				CLANG_WARN_SUSPICIOUS_MOVE = YES;
				CLANG_WARN_UNGUARDED_AVAILABILITY = YES_AGGRESSIVE;
				CLANG_WARN_UNREACHABLE_CODE = YES;
				CLANG_WARN__DUPLICATE_METHOD_MATCH = YES;
				COPY_PHASE_STRIP = NO;
				DEBUG_INFORMATION_FORMAT = "dwarf-with-dsym";
				ENABLE_NS_ASSERTIONS = NO;
				ENABLE_STRICT_OBJC_MSGSEND = YES;
				GCC_C_LANGUAGE_STANDARD = gnu11;
				GCC_NO_COMMON_BLOCKS = YES;
				GCC_WARN_64_TO_32_BIT_CONVERSION = YES;
				GCC_WARN_ABOUT_RETURN_TYPE = YES_ERROR;
				GCC_WARN_UNDECLARED_SELECTOR = YES;
				GCC_WARN_UNINITIALIZED_AUTOS = YES_AGGRESSIVE;
				GCC_WARN_UNUSED_FUNCTION = YES;
				GCC_WARN_UNUSED_VARIABLE = YES;
				IPHONEOS_DEPLOYMENT_TARGET = 16.2;
				MTL_ENABLE_DEBUG_INFO = NO;
				MTL_FAST_MATH = YES;
				SDKROOT = iphoneos;
				SWIFT_COMPILATION_MODE = wholemodule;
				SWIFT_OPTIMIZATION_LEVEL = "-O";
				VALIDATE_PRODUCT = YES;
			};
			name = Release;
		};
		09513C1929BAA0F7004243BD /* Debug */ = {
			isa = XCBuildConfiguration;
			baseConfigurationReference = 501BCD7A259C0145945EC0AA /* Pods-HearthStoneAPI.debug.xcconfig */;
			buildSettings = {
				ASSETCATALOG_COMPILER_APPICON_NAME = AppIcon;
				ASSETCATALOG_COMPILER_GLOBAL_ACCENT_COLOR_NAME = AccentColor;
				CODE_SIGN_STYLE = Automatic;
				CURRENT_PROJECT_VERSION = 1;
				DEVELOPMENT_TEAM = G8P85U8XP2;
				GENERATE_INFOPLIST_FILE = YES;
				INFOPLIST_FILE = HearthStoneAPI/Info.plist;
				INFOPLIST_KEY_UIApplicationSupportsIndirectInputEvents = YES;
				INFOPLIST_KEY_UILaunchStoryboardName = LaunchScreen;
				INFOPLIST_KEY_UISupportedInterfaceOrientations = UIInterfaceOrientationPortrait;
				INFOPLIST_KEY_UISupportedInterfaceOrientations_iPad = "UIInterfaceOrientationLandscapeLeft UIInterfaceOrientationLandscapeRight UIInterfaceOrientationPortrait UIInterfaceOrientationPortraitUpsideDown";
				LD_RUNPATH_SEARCH_PATHS = (
					"$(inherited)",
					"@executable_path/Frameworks",
				);
				MARKETING_VERSION = 1.0;
				PRODUCT_BUNDLE_IDENTIFIER = com.lugaluStudy.HearthStoneAPI;
				PRODUCT_NAME = "$(TARGET_NAME)";
				SUPPORTED_PLATFORMS = "iphoneos iphonesimulator";
				SUPPORTS_MACCATALYST = NO;
				SUPPORTS_MAC_DESIGNED_FOR_IPHONE_IPAD = NO;
				SWIFT_EMIT_LOC_STRINGS = YES;
				SWIFT_VERSION = 5.0;
				TARGETED_DEVICE_FAMILY = 1;
			};
			name = Debug;
		};
		09513C1A29BAA0F7004243BD /* Release */ = {
			isa = XCBuildConfiguration;
			baseConfigurationReference = BB7149271998CEF2D5A50279 /* Pods-HearthStoneAPI.release.xcconfig */;
			buildSettings = {
				ASSETCATALOG_COMPILER_APPICON_NAME = AppIcon;
				ASSETCATALOG_COMPILER_GLOBAL_ACCENT_COLOR_NAME = AccentColor;
				CODE_SIGN_STYLE = Automatic;
				CURRENT_PROJECT_VERSION = 1;
				DEVELOPMENT_TEAM = G8P85U8XP2;
				GENERATE_INFOPLIST_FILE = YES;
				INFOPLIST_FILE = HearthStoneAPI/Info.plist;
				INFOPLIST_KEY_UIApplicationSupportsIndirectInputEvents = YES;
				INFOPLIST_KEY_UILaunchStoryboardName = LaunchScreen;
				INFOPLIST_KEY_UISupportedInterfaceOrientations = UIInterfaceOrientationPortrait;
				INFOPLIST_KEY_UISupportedInterfaceOrientations_iPad = "UIInterfaceOrientationLandscapeLeft UIInterfaceOrientationLandscapeRight UIInterfaceOrientationPortrait UIInterfaceOrientationPortraitUpsideDown";
				LD_RUNPATH_SEARCH_PATHS = (
					"$(inherited)",
					"@executable_path/Frameworks",
				);
				MARKETING_VERSION = 1.0;
				PRODUCT_BUNDLE_IDENTIFIER = com.lugaluStudy.HearthStoneAPI;
				PRODUCT_NAME = "$(TARGET_NAME)";
				SUPPORTED_PLATFORMS = "iphoneos iphonesimulator";
				SUPPORTS_MACCATALYST = NO;
				SUPPORTS_MAC_DESIGNED_FOR_IPHONE_IPAD = NO;
				SWIFT_EMIT_LOC_STRINGS = YES;
				SWIFT_VERSION = 5.0;
				TARGETED_DEVICE_FAMILY = 1;
			};
			name = Release;
		};
/* End XCBuildConfiguration section */

/* Begin XCConfigurationList section */
		09513BFF29BAA0F6004243BD /* Build configuration list for PBXProject "HearthStoneAPI" */ = {
			isa = XCConfigurationList;
			buildConfigurations = (
				09513C1629BAA0F7004243BD /* Debug */,
				09513C1729BAA0F7004243BD /* Release */,
			);
			defaultConfigurationIsVisible = 0;
			defaultConfigurationName = Release;
		};
		09513C1829BAA0F7004243BD /* Build configuration list for PBXNativeTarget "HearthStoneAPI" */ = {
			isa = XCConfigurationList;
			buildConfigurations = (
				09513C1929BAA0F7004243BD /* Debug */,
				09513C1A29BAA0F7004243BD /* Release */,
			);
			defaultConfigurationIsVisible = 0;
			defaultConfigurationName = Release;
		};
/* End XCConfigurationList section */
	};
	rootObject = 09513BFC29BAA0F6004243BD /* Project object */;
}
